
Microsoft Visual Studio Solution File, Format Version 12.00
# Visual Studio Version 16
VisualStudioVersion = 16.0.33027.164
MinimumVisualStudioVersion = 10.0.40219.1
Project("{FAE04EC0-301F-11D3-BF4B-00C04F79EFBC}") = "MVC", "MVC\MVC.csproj", "{4CC2292B-AAE9-48DA-9E5B-CF8EC260D1DC}"
EndProject
Global
	GlobalSection(SolutionConfigurationPlatforms) = preSolution
		Debug|Any CPU = Debug|Any CPU
		Release|Any CPU = Release|Any CPU
	EndGlobalSection
	GlobalSection(ProjectConfigurationPlatforms) = postSolution
		{4CC2292B-AAE9-48DA-9E5B-CF8EC260D1DC}.Debug|Any CPU.ActiveCfg = Debug|Any CPU
		{4CC2292B-AAE9-48DA-9E5B-CF8EC260D1DC}.Debug|Any CPU.Build.0 = Debug|Any CPU
		{4CC2292B-AAE9-48DA-9E5B-CF8EC260D1DC}.Release|Any CPU.ActiveCfg = Release|Any CPU
		{4CC2292B-AAE9-48DA-9E5B-CF8EC260D1DC}.Release|Any CPU.Build.0 = Release|Any CPU
	EndGlobalSection
	GlobalSection(SolutionProperties) = preSolution
		HideSolutionNode = FALSE
	EndGlobalSection
	GlobalSection(ExtensibilityGlobals) = postSolution
		SolutionGuid = {4484FA55-8C44-42D6-8118-07C3FD5C3753}
	EndGlobalSection
EndGlobal
